
Microsoft Visual Studio Solution File, Format Version 12.00
# Visual Studio Version 17
VisualStudioVersion = 17.14.36301.6
MinimumVisualStudioVersion = 10.0.40219.1
Project("{2150E333-8FDC-42A3-9474-1A3956D46DE8}") = "Microservices", "Microservices", "{02EA681E-C7D8-13C7-8484-4AC65E1B71E8}"
EndProject
Project("{2150E333-8FDC-42A3-9474-1A3956D46DE8}") = "WebAPI", "WebAPI", "{24DD00F0-0E40-4D9B-B773-3E11342EDC9A}"
EndProject
Project("{2150E333-8FDC-42A3-9474-1A3956D46DE8}") = "MVC", "MVC", "{A7C425FC-B5BE-4D27-B061-BC1B426F07AB}"
EndProject
Project("{2150E333-8FDC-42A3-9474-1A3956D46DE8}") = "Identity", "Identity", "{6403A928-7745-425F-A2E8-52731AD90E99}"
EndProject
Project("{2150E333-8FDC-42A3-9474-1A3956D46DE8}") = "eCommerce", "eCommerce", "{2F6BB3A8-4462-4DC2-B2D2-0CA05419EF5E}"
	ProjectSection(SolutionItems) = preProject
		docker-compose.build.yaml = docker-compose.build.yaml
	EndProjectSection
EndProject
Project("{2150E333-8FDC-42A3-9474-1A3956D46DE8}") = "Users", "Users", "{0EE06AAC-59BA-44B9-BAFB-1D9192A4E5D7}"
EndProject
Project("{2150E333-8FDC-42A3-9474-1A3956D46DE8}") = "Products", "Products", "{B6B3D6FA-B3BC-42D4-903B-B844AEF1891C}"
EndProject
Project("{2150E333-8FDC-42A3-9474-1A3956D46DE8}") = "Orders", "Orders", "{9A75EB89-C3F2-443C-8EA1-04119B3C46CB}"
EndProject
Project("{E53339B2-1760-4266-BCC7-CA923CBCF16C}") = "docker-compose", "docker-compose.dcproj", "{81DDED9D-158B-E303-5F62-77A2896D2A5A}"
EndProject
Project("{2150E333-8FDC-42A3-9474-1A3956D46DE8}") = "SecurityInASPDotNETCoreWebAPI", "SecurityInASPDotNETCoreWebAPI", "{53B8C779-BDA3-44F8-BCC1-DE42D148DF3B}"
EndProject
Project("{2150E333-8FDC-42A3-9474-1A3956D46DE8}") = "CORS", "CORS", "{7B8F97B2-3CE1-4538-85A4-56577168627A}"
EndProject
Project("{FAE04EC0-301F-11D3-BF4B-00C04F79EFBC}") = "UserServiceAPI", "WebAPI\Security\Cores\UserServiceAPI\UserServiceAPI.csproj", "{3917994C-32DB-4E38-8A03-83D4607512FB}"
EndProject
Project("{2150E333-8FDC-42A3-9474-1A3956D46DE8}") = "mongodb", "mongodb", "{32501D54-B891-4C95-A453-8CC72BB1C055}"
	ProjectSection(SolutionItems) = preProject
		eCommerce\mongodb\Dockerfile = eCommerce\mongodb\Dockerfile
	EndProjectSection
EndProject
Project("{2150E333-8FDC-42A3-9474-1A3956D46DE8}") = "mongodb-init", "mongodb-init", "{37FA1B61-3E63-4297-8E00-87A75D10FFD8}"
	ProjectSection(SolutionItems) = preProject
		..\.Net&C#\.Net\Microservices\Dot-NET-Microservices-with-Azure-and-AKS-main\12. AKS\05. Pushing Microservice Images to ACR\mongodb\mongodb-init\init.js = ..\.Net&C#\.Net\Microservices\Dot-NET-Microservices-with-Azure-and-AKS-main\12. AKS\05. Pushing Microservice Images to ACR\mongodb\mongodb-init\init.js
	EndProjectSection
EndProject
Project("{2150E333-8FDC-42A3-9474-1A3956D46DE8}") = "mysql", "mysql", "{7F912975-1CDF-4112-B7F5-6ED20D4B6692}"
	ProjectSection(SolutionItems) = preProject
		eCommerce\mysql\mysql-init\db.sql = eCommerce\mysql\mysql-init\db.sql
		eCommerce\mysql\Dockerfile = eCommerce\mysql\Dockerfile
	EndProjectSection
EndProject
Project("{2150E333-8FDC-42A3-9474-1A3956D46DE8}") = "postgres", "postgres", "{B9F46827-C0F7-40F1-B537-A655E2F9D4DC}"
	ProjectSection(SolutionItems) = preProject
		eCommerce\postgres\Dockerfile = eCommerce\postgres\Dockerfile
	EndProjectSection
EndProject
Project("{2150E333-8FDC-42A3-9474-1A3956D46DE8}") = "mysql-init", "mysql-init", "{BD701F60-E1E5-4823-801D-F51DA737213C}"
	ProjectSection(SolutionItems) = preProject
		eCommerce\mysql\mysql-init\db.sql = eCommerce\mysql\mysql-init\db.sql
	EndProjectSection
EndProject
Project("{2150E333-8FDC-42A3-9474-1A3956D46DE8}") = "postgres-init", "postgres-init", "{6EE5843E-452E-4788-BD15-2E2FD8C0E19E}"
	ProjectSection(SolutionItems) = preProject
		eCommerce\postgres\postgres-init\sql1.sql = eCommerce\postgres\postgres-init\sql1.sql
		eCommerce\postgres\postgres-init\sql2.sql = eCommerce\postgres\postgres-init\sql2.sql
	EndProjectSection
EndProject
Project("{2150E333-8FDC-42A3-9474-1A3956D46DE8}") = "aks", "aks", "{D604CFE5-AE93-4DBA-BBE8-91731B72D64F}"
	ProjectSection(SolutionItems) = preProject
		eCommerce\aks\apigateway-deployment.yaml = eCommerce\aks\apigateway-deployment.yaml
		eCommerce\aks\apigateway.service.yaml = eCommerce\aks\apigateway.service.yaml
		eCommerce\aks\mongodb-deployment.yaml = eCommerce\aks\mongodb-deployment.yaml
		eCommerce\aks\mongodb.service.yaml = eCommerce\aks\mongodb.service.yaml
		eCommerce\aks\mysql-deployment.yaml = eCommerce\aks\mysql-deployment.yaml
		eCommerce\aks\mysql.service.yaml = eCommerce\aks\mysql.service.yaml
		eCommerce\aks\orders-microservice-deployment.yaml = eCommerce\aks\orders-microservice-deployment.yaml
		eCommerce\aks\orders-microservice.service.yaml = eCommerce\aks\orders-microservice.service.yaml
		eCommerce\aks\postgres-deployment.yaml = eCommerce\aks\postgres-deployment.yaml
		eCommerce\aks\postgres.service.yaml = eCommerce\aks\postgres.service.yaml
		eCommerce\aks\products-microservice-deployment.yaml = eCommerce\aks\products-microservice-deployment.yaml
		eCommerce\aks\products-microservice.service.yaml = eCommerce\aks\products-microservice.service.yaml
		eCommerce\aks\rabbitmq-deployment.yaml = eCommerce\aks\rabbitmq-deployment.yaml
		eCommerce\aks\rabbitmq.secret.yaml = eCommerce\aks\rabbitmq.secret.yaml
		eCommerce\aks\rabbitmq.service.yaml = eCommerce\aks\rabbitmq.service.yaml
		eCommerce\aks\redis-deployment.yaml = eCommerce\aks\redis-deployment.yaml
		eCommerce\aks\redis.service.yaml = eCommerce\aks\redis.service.yaml
		eCommerce\aks\users-microservice-deployment.yaml = eCommerce\aks\users-microservice-deployment.yaml
		eCommerce\aks\users-microservice.service.yaml = eCommerce\aks\users-microservice.service.yaml
	EndProjectSection
EndProject
Project("{FAE04EC0-301F-11D3-BF4B-00C04F79EFBC}") = "ASPNETCoreIdentityDemo", "..\SmartCertify\API\ASPNETCoreIdentityDemo\ASPNETCoreIdentityDemo.csproj", "{9702D937-6A77-406D-878D-379402016F6E}"
EndProject
Project("{2150E333-8FDC-42A3-9474-1A3956D46DE8}") = "CS", "CS", "{ADECECB4-AA12-45C2-BB24-23BD99E1E7FD}"
EndProject
Project("{2150E333-8FDC-42A3-9474-1A3956D46DE8}") = "CSCore", "CSCore", "{19397B6F-0424-4C3E-AC76-F5EC172D59F2}"
EndProject
Project("{2150E333-8FDC-42A3-9474-1A3956D46DE8}") = "MultiThreading", "MultiThreading", "{0B2395EB-E139-4600-B89E-48AB70BB64FE}"
EndProject
Project("{FAE04EC0-301F-11D3-BF4B-00C04F79EFBC}") = "DeadLockDemo", "CSCore\MultiThreading\DeadLockDemo\DeadLockDemo.csproj", "{560EC43F-9033-456D-A882-88FFCDE116BF}"
EndProject
Project("{2150E333-8FDC-42A3-9474-1A3956D46DE8}") = "xUnitTest", "xUnitTest", "{000DDF08-D2B0-4FC3-82B3-4A7BC4ED3D44}"
EndProject
Project("{2150E333-8FDC-42A3-9474-1A3956D46DE8}") = "Harsha", "Harsha", "{E74380E3-EDAD-438B-9F5C-9C8C6A814E17}"
EndProject
Project("{FAE04EC0-301F-11D3-BF4B-00C04F79EFBC}") = "CRUDExample", "UnitTestig\CRUDExample\CRUDExample.csproj", "{5CD64C51-1714-47A5-B3B9-24332558FEAE}"
EndProject
Project("{FAE04EC0-301F-11D3-BF4B-00C04F79EFBC}") = "CRUDTests", "UnitTestig\CRUDTests\CRUDTests.csproj", "{53EE9316-6AF8-413F-8483-CA61A047313C}"
EndProject
Project("{FAE04EC0-301F-11D3-BF4B-00C04F79EFBC}") = "Entities", "UnitTestig\Entities\Entities.csproj", "{548FA016-30FD-468E-A85A-C5EABB7568AC}"
EndProject
Project("{FAE04EC0-301F-11D3-BF4B-00C04F79EFBC}") = "ServiceContracts", "..\SmartCertify\API\ServiceContracts\ServiceContracts.csproj", "{FB9D8C61-6CEB-4C73-9A75-8B47534BD06B}"
EndProject
Project("{FAE04EC0-301F-11D3-BF4B-00C04F79EFBC}") = "Services", "..\SmartCertify\API\Services\Services.csproj", "{9A38A688-CAB2-475C-913A-91FF52761D08}"
EndProject
Project("{FAE04EC0-301F-11D3-BF4B-00C04F79EFBC}") = "RepositoryContracts", "UnitTestig\RepositoryContracts\RepositoryContracts.csproj", "{F33A9941-6311-4B25-89E3-BFB98C562399}"
EndProject
Project("{FAE04EC0-301F-11D3-BF4B-00C04F79EFBC}") = "Repositories", "UnitTestig\Repositories\Repositories.csproj", "{35237B91-FA01-444A-9F66-257CBA3DF3C3}"
EndProject
Project("{2150E333-8FDC-42A3-9474-1A3956D46DE8}") = "JWT", "JWT", "{6DBF69C7-4C8B-43B2-9405-CC7C7DC9D35A}"
EndProject
Project("{FAE04EC0-301F-11D3-BF4B-00C04F79EFBC}") = "JWTAuthServer", "WebAPI\Security\JWT\JWTAuthServer\JWTAuthServer.csproj", "{BEA61777-88FE-4C6D-86AC-D183210D8B06}"
EndProject
Project("{FAE04EC0-301F-11D3-BF4B-00C04F79EFBC}") = "ResourceServer", "WebAPI\Security\JWT\ResourceServer\ResourceServer.csproj", "{B30111D1-9CBF-4464-8A5F-FC36E798D52D}"
EndProject
Project("{FAE04EC0-301F-11D3-BF4B-00C04F79EFBC}") = "ResourceClient", "WebAPI\Security\JWT\ResourceClient\ResourceClient.csproj", "{3113B96E-9BC0-4F08-B99C-FE76AF2BB4D6}"
EndProject
Project("{2150E333-8FDC-42A3-9474-1A3956D46DE8}") = "Mango", "Mango", "{3CF22462-AC31-4474-B4FF-836A3982C741}"
EndProject
Project("{2150E333-8FDC-42A3-9474-1A3956D46DE8}") = "FrontEnd", "FrontEnd", "{FB6A8A9C-C1B4-45D5-8766-21F248DA56B7}"
EndProject
Project("{2150E333-8FDC-42A3-9474-1A3956D46DE8}") = "Gateway", "Gateway", "{50DDB9D7-ED26-4BDF-BA8D-C5A16F5A7499}"
EndProject
Project("{2150E333-8FDC-42A3-9474-1A3956D46DE8}") = "Integration", "Integration", "{9EBE3C8D-AD2D-4DE9-884D-DB4873D3421D}"
EndProject
Project("{2150E333-8FDC-42A3-9474-1A3956D46DE8}") = "Services", "Services", "{B690BE73-66F6-4320-8227-482AD5919108}"
EndProject
Project("{FAE04EC0-301F-11D3-BF4B-00C04F79EFBC}") = "Mango.Services.CouponAPI", "Microservices\Mango\Mango.Services.CouponAPI\Mango.Services.CouponAPI.csproj", "{0B3A6155-9130-487C-BCD2-5BDF9D819239}"
EndProject
Project("{FAE04EC0-301F-11D3-BF4B-00C04F79EFBC}") = "Mango.Web", "Microservices\Mango\Mango.Web\Mango.Web.csproj", "{07BB4379-7F26-484B-9C05-4D9AC61001E9}"
EndProject
Project("{FAE04EC0-301F-11D3-BF4B-00C04F79EFBC}") = "Mango.Services.AuthAPI", "Microservices\Mango\Mango.Services.AuthAPI\Mango.Services.AuthAPI.csproj", "{68D40973-1EA0-4BD5-892A-7AD5BE1E7CF6}"
EndProject
Project("{FAE04EC0-301F-11D3-BF4B-00C04F79EFBC}") = "Mango.Services.ProductAPI", "Microservices\Mango\Mango.Services.ProductAPI\Mango.Services.ProductAPI.csproj", "{75E487DD-21B5-4D7C-9C8F-93DE643F4F16}"
EndProject
Project("{2150E333-8FDC-42A3-9474-1A3956D46DE8}") = "Filters", "Filters", "{B29E5845-FB15-4ADE-B34A-3CB62F6061D7}"
EndProject
Project("{FAE04EC0-301F-11D3-BF4B-00C04F79EFBC}") = "AuthorizationFilterDemo", "WebAPI\Filters\AuthorizationFilterDemo\AuthorizationFilterDemo.csproj", "{143474DD-B627-473B-A42B-0BF48ABC4571}"
EndProject
Project("{FAE04EC0-301F-11D3-BF4B-00C04F79EFBC}") = "CustomAuthFilterDemo", "WebAPI\Filters\CustomAuthFilterDemo\CustomAuthFilterDemo.csproj", "{A13B7296-756E-43CB-84FA-75FC7B8A2430}"
EndProject
Project("{FAE04EC0-301F-11D3-BF4B-00C04F79EFBC}") = "Mango.Services.ShoppingCartAPI", "Microservices\Mango\Mango.Services.ShoppingCartAPI\Mango.Services.ShoppingCartAPI.csproj", "{7B60C723-4003-4B6B-AA2A-E4CB90E0E55D}"
EndProject
Project("{2150E333-8FDC-42A3-9474-1A3956D46DE8}") = "Overriding", "Overriding", "{8017D4B9-A10F-4528-BBFA-818E29E0DC51}"
EndProject
Project("{FAE04EC0-301F-11D3-BF4B-00C04F79EFBC}") = "OverridingDemo", "CSCore\Overriding\OverridingDemo\OverridingDemo.csproj", "{447136A5-4F5F-4016-BEA4-B3B6BC151BE7}"
EndProject
Project("{2150E333-8FDC-42A3-9474-1A3956D46DE8}") = "EFCore", "EFCore", "{2FC31648-06FF-4872-90DB-4C279915D6EB}"
EndProject
Project("{FAE04EC0-301F-11D3-BF4B-00C04F79EFBC}") = "ProductManagementAPI", "EFCore\ProductManagementAPI\ProductManagementAPI.csproj", "{DDA3823F-A665-4E3C-BDC7-46522EBB5EAB}"
EndProject
Project("{FAE04EC0-301F-11D3-BF4B-00C04F79EFBC}") = "eCommerce.API", "Microservices\eCommerce\users\eCommerce.API\eCommerce.API.csproj", "{CB4E956F-C18F-DFFD-E73B-AEF3F9E1854D}"
EndProject
Project("{FAE04EC0-301F-11D3-BF4B-00C04F79EFBC}") = "eCommerce.Core", "Microservices\eCommerce\users\eCommerce.Core\eCommerce.Core.csproj", "{E838A898-3205-CD9C-4C1C-CE0A309B9059}"
EndProject
Project("{FAE04EC0-301F-11D3-BF4B-00C04F79EFBC}") = "eCommerce.Infrastructure", "Microservices\eCommerce\users\eCommerce.Infrastructure\eCommerce.Infrastructure.csproj", "{7A3F6DA2-3B9C-8CF6-8214-2A0EDD650B13}"
EndProject
Project("{FAE04EC0-301F-11D3-BF4B-00C04F79EFBC}") = "ApiGateway", "Microservices\eCommerce\Orders\ApiGateway\ApiGateway.csproj", "{2CF5F392-D51F-0A3A-DCAA-4983323C0A69}"
EndProject
Project("{FAE04EC0-301F-11D3-BF4B-00C04F79EFBC}") = "BusinessLogicLayer", "Microservices\eCommerce\Orders\BusinessLogicLayer\BusinessLogicLayer.csproj", "{4A1024A8-DD37-D189-0CF7-BE050B46FAF9}"
EndProject
Project("{FAE04EC0-301F-11D3-BF4B-00C04F79EFBC}") = "DataAccessLayer", "Microservices\eCommerce\Orders\DataAccessLayer\DataAccessLayer.csproj", "{7E7E082F-621A-BE27-71E9-1D458860DC2A}"
EndProject
Project("{FAE04EC0-301F-11D3-BF4B-00C04F79EFBC}") = "OrdersMicroservice.API", "Microservices\eCommerce\Orders\OrdersMicroservice.API\OrdersMicroservice.API.csproj", "{5B5EA3B9-054F-CA49-2016-312CC414AFEE}"
EndProject
Project("{FAE04EC0-301F-11D3-BF4B-00C04F79EFBC}") = "BusinessLogicLayer", "Microservices\eCommerce\Products\BusinessLogicLayer\BusinessLogicLayer.csproj", "{14D5046B-F67F-BF14-27A0-D7DB2276FE3E}"
EndProject
Project("{FAE04EC0-301F-11D3-BF4B-00C04F79EFBC}") = "DataAccessLayer", "Microservices\eCommerce\Products\DataAccessLayer\DataAccessLayer.csproj", "{75BF6B06-A97D-A7A1-05DB-E45547091480}"
EndProject
Project("{FAE04EC0-301F-11D3-BF4B-00C04F79EFBC}") = "ProductsMicroService.API", "Microservices\eCommerce\Products\ProductsMicroService.API\ProductsMicroService.API.csproj", "{55707FDA-D383-8160-7CC2-AFC7ACA0BDC0}"
EndProject
Project("{FAE04EC0-301F-11D3-BF4B-00C04F79EFBC}") = "ECommerceApp.RelationShips", "EFCore\ECommerceApp\ECommerceApp.RelationShips.csproj", "{54FB588C-22E7-4BDF-AFFD-A4F7734C3FFF}"
EndProject
Global
	GlobalSection(SolutionConfigurationPlatforms) = preSolution
		Debug|Any CPU = Debug|Any CPU
		Release|Any CPU = Release|Any CPU
	EndGlobalSection
	GlobalSection(ProjectConfigurationPlatforms) = postSolution
		{81DDED9D-158B-E303-5F62-77A2896D2A5A}.Debug|Any CPU.ActiveCfg = Debug|Any CPU
		{81DDED9D-158B-E303-5F62-77A2896D2A5A}.Debug|Any CPU.Build.0 = Debug|Any CPU
		{81DDED9D-158B-E303-5F62-77A2896D2A5A}.Release|Any CPU.ActiveCfg = Release|Any CPU
		{81DDED9D-158B-E303-5F62-77A2896D2A5A}.Release|Any CPU.Build.0 = Release|Any CPU
		{3917994C-32DB-4E38-8A03-83D4607512FB}.Debug|Any CPU.ActiveCfg = Debug|Any CPU
		{3917994C-32DB-4E38-8A03-83D4607512FB}.Debug|Any CPU.Build.0 = Debug|Any CPU
		{3917994C-32DB-4E38-8A03-83D4607512FB}.Release|Any CPU.ActiveCfg = Release|Any CPU
		{3917994C-32DB-4E38-8A03-83D4607512FB}.Release|Any CPU.Build.0 = Release|Any CPU
		{9702D937-6A77-406D-878D-379402016F6E}.Debug|Any CPU.ActiveCfg = Debug|Any CPU
		{9702D937-6A77-406D-878D-379402016F6E}.Debug|Any CPU.Build.0 = Debug|Any CPU
		{9702D937-6A77-406D-878D-379402016F6E}.Release|Any CPU.ActiveCfg = Release|Any CPU
		{9702D937-6A77-406D-878D-379402016F6E}.Release|Any CPU.Build.0 = Release|Any CPU
		{560EC43F-9033-456D-A882-88FFCDE116BF}.Debug|Any CPU.ActiveCfg = Debug|Any CPU
		{560EC43F-9033-456D-A882-88FFCDE116BF}.Debug|Any CPU.Build.0 = Debug|Any CPU
		{560EC43F-9033-456D-A882-88FFCDE116BF}.Release|Any CPU.ActiveCfg = Release|Any CPU
		{560EC43F-9033-456D-A882-88FFCDE116BF}.Release|Any CPU.Build.0 = Release|Any CPU
		{5CD64C51-1714-47A5-B3B9-24332558FEAE}.Debug|Any CPU.ActiveCfg = Debug|Any CPU
		{5CD64C51-1714-47A5-B3B9-24332558FEAE}.Debug|Any CPU.Build.0 = Debug|Any CPU
		{5CD64C51-1714-47A5-B3B9-24332558FEAE}.Release|Any CPU.ActiveCfg = Release|Any CPU
		{5CD64C51-1714-47A5-B3B9-24332558FEAE}.Release|Any CPU.Build.0 = Release|Any CPU
		{53EE9316-6AF8-413F-8483-CA61A047313C}.Debug|Any CPU.ActiveCfg = Debug|Any CPU
		{53EE9316-6AF8-413F-8483-CA61A047313C}.Debug|Any CPU.Build.0 = Debug|Any CPU
		{53EE9316-6AF8-413F-8483-CA61A047313C}.Release|Any CPU.ActiveCfg = Release|Any CPU
		{53EE9316-6AF8-413F-8483-CA61A047313C}.Release|Any CPU.Build.0 = Release|Any CPU
		{548FA016-30FD-468E-A85A-C5EABB7568AC}.Debug|Any CPU.ActiveCfg = Debug|Any CPU
		{548FA016-30FD-468E-A85A-C5EABB7568AC}.Debug|Any CPU.Build.0 = Debug|Any CPU
		{548FA016-30FD-468E-A85A-C5EABB7568AC}.Release|Any CPU.ActiveCfg = Release|Any CPU
		{548FA016-30FD-468E-A85A-C5EABB7568AC}.Release|Any CPU.Build.0 = Release|Any CPU
		{FB9D8C61-6CEB-4C73-9A75-8B47534BD06B}.Debug|Any CPU.ActiveCfg = Debug|Any CPU
		{FB9D8C61-6CEB-4C73-9A75-8B47534BD06B}.Debug|Any CPU.Build.0 = Debug|Any CPU
		{FB9D8C61-6CEB-4C73-9A75-8B47534BD06B}.Release|Any CPU.ActiveCfg = Release|Any CPU
		{FB9D8C61-6CEB-4C73-9A75-8B47534BD06B}.Release|Any CPU.Build.0 = Release|Any CPU
		{9A38A688-CAB2-475C-913A-91FF52761D08}.Debug|Any CPU.ActiveCfg = Debug|Any CPU
		{9A38A688-CAB2-475C-913A-91FF52761D08}.Debug|Any CPU.Build.0 = Debug|Any CPU
		{9A38A688-CAB2-475C-913A-91FF52761D08}.Release|Any CPU.ActiveCfg = Release|Any CPU
		{9A38A688-CAB2-475C-913A-91FF52761D08}.Release|Any CPU.Build.0 = Release|Any CPU
		{F33A9941-6311-4B25-89E3-BFB98C562399}.Debug|Any CPU.ActiveCfg = Debug|Any CPU
		{F33A9941-6311-4B25-89E3-BFB98C562399}.Debug|Any CPU.Build.0 = Debug|Any CPU
		{F33A9941-6311-4B25-89E3-BFB98C562399}.Release|Any CPU.ActiveCfg = Release|Any CPU
		{F33A9941-6311-4B25-89E3-BFB98C562399}.Release|Any CPU.Build.0 = Release|Any CPU
		{35237B91-FA01-444A-9F66-257CBA3DF3C3}.Debug|Any CPU.ActiveCfg = Debug|Any CPU
		{35237B91-FA01-444A-9F66-257CBA3DF3C3}.Debug|Any CPU.Build.0 = Debug|Any CPU
		{35237B91-FA01-444A-9F66-257CBA3DF3C3}.Release|Any CPU.ActiveCfg = Release|Any CPU
		{35237B91-FA01-444A-9F66-257CBA3DF3C3}.Release|Any CPU.Build.0 = Release|Any CPU
		{BEA61777-88FE-4C6D-86AC-D183210D8B06}.Debug|Any CPU.ActiveCfg = Debug|Any CPU
		{BEA61777-88FE-4C6D-86AC-D183210D8B06}.Debug|Any CPU.Build.0 = Debug|Any CPU
		{BEA61777-88FE-4C6D-86AC-D183210D8B06}.Release|Any CPU.ActiveCfg = Release|Any CPU
		{BEA61777-88FE-4C6D-86AC-D183210D8B06}.Release|Any CPU.Build.0 = Release|Any CPU
		{B30111D1-9CBF-4464-8A5F-FC36E798D52D}.Debug|Any CPU.ActiveCfg = Debug|Any CPU
		{B30111D1-9CBF-4464-8A5F-FC36E798D52D}.Debug|Any CPU.Build.0 = Debug|Any CPU
		{B30111D1-9CBF-4464-8A5F-FC36E798D52D}.Release|Any CPU.ActiveCfg = Release|Any CPU
		{B30111D1-9CBF-4464-8A5F-FC36E798D52D}.Release|Any CPU.Build.0 = Release|Any CPU
		{3113B96E-9BC0-4F08-B99C-FE76AF2BB4D6}.Debug|Any CPU.ActiveCfg = Debug|Any CPU
		{3113B96E-9BC0-4F08-B99C-FE76AF2BB4D6}.Debug|Any CPU.Build.0 = Debug|Any CPU
		{3113B96E-9BC0-4F08-B99C-FE76AF2BB4D6}.Release|Any CPU.ActiveCfg = Release|Any CPU
		{3113B96E-9BC0-4F08-B99C-FE76AF2BB4D6}.Release|Any CPU.Build.0 = Release|Any CPU
		{0B3A6155-9130-487C-BCD2-5BDF9D819239}.Debug|Any CPU.ActiveCfg = Debug|Any CPU
		{0B3A6155-9130-487C-BCD2-5BDF9D819239}.Debug|Any CPU.Build.0 = Debug|Any CPU
		{0B3A6155-9130-487C-BCD2-5BDF9D819239}.Release|Any CPU.ActiveCfg = Release|Any CPU
		{0B3A6155-9130-487C-BCD2-5BDF9D819239}.Release|Any CPU.Build.0 = Release|Any CPU
		{07BB4379-7F26-484B-9C05-4D9AC61001E9}.Debug|Any CPU.ActiveCfg = Debug|Any CPU
		{07BB4379-7F26-484B-9C05-4D9AC61001E9}.Debug|Any CPU.Build.0 = Debug|Any CPU
		{07BB4379-7F26-484B-9C05-4D9AC61001E9}.Release|Any CPU.ActiveCfg = Release|Any CPU
		{07BB4379-7F26-484B-9C05-4D9AC61001E9}.Release|Any CPU.Build.0 = Release|Any CPU
		{68D40973-1EA0-4BD5-892A-7AD5BE1E7CF6}.Debug|Any CPU.ActiveCfg = Debug|Any CPU
		{68D40973-1EA0-4BD5-892A-7AD5BE1E7CF6}.Debug|Any CPU.Build.0 = Debug|Any CPU
		{68D40973-1EA0-4BD5-892A-7AD5BE1E7CF6}.Release|Any CPU.ActiveCfg = Release|Any CPU
		{68D40973-1EA0-4BD5-892A-7AD5BE1E7CF6}.Release|Any CPU.Build.0 = Release|Any CPU
		{75E487DD-21B5-4D7C-9C8F-93DE643F4F16}.Debug|Any CPU.ActiveCfg = Debug|Any CPU
		{75E487DD-21B5-4D7C-9C8F-93DE643F4F16}.Debug|Any CPU.Build.0 = Debug|Any CPU
		{75E487DD-21B5-4D7C-9C8F-93DE643F4F16}.Release|Any CPU.ActiveCfg = Release|Any CPU
		{75E487DD-21B5-4D7C-9C8F-93DE643F4F16}.Release|Any CPU.Build.0 = Release|Any CPU
		{143474DD-B627-473B-A42B-0BF48ABC4571}.Debug|Any CPU.ActiveCfg = Debug|Any CPU
		{143474DD-B627-473B-A42B-0BF48ABC4571}.Debug|Any CPU.Build.0 = Debug|Any CPU
		{143474DD-B627-473B-A42B-0BF48ABC4571}.Release|Any CPU.ActiveCfg = Release|Any CPU
		{143474DD-B627-473B-A42B-0BF48ABC4571}.Release|Any CPU.Build.0 = Release|Any CPU
		{A13B7296-756E-43CB-84FA-75FC7B8A2430}.Debug|Any CPU.ActiveCfg = Debug|Any CPU
		{A13B7296-756E-43CB-84FA-75FC7B8A2430}.Debug|Any CPU.Build.0 = Debug|Any CPU
		{A13B7296-756E-43CB-84FA-75FC7B8A2430}.Release|Any CPU.ActiveCfg = Release|Any CPU
		{A13B7296-756E-43CB-84FA-75FC7B8A2430}.Release|Any CPU.Build.0 = Release|Any CPU
		{7B60C723-4003-4B6B-AA2A-E4CB90E0E55D}.Debug|Any CPU.ActiveCfg = Debug|Any CPU
		{7B60C723-4003-4B6B-AA2A-E4CB90E0E55D}.Debug|Any CPU.Build.0 = Debug|Any CPU
		{7B60C723-4003-4B6B-AA2A-E4CB90E0E55D}.Release|Any CPU.ActiveCfg = Release|Any CPU
		{7B60C723-4003-4B6B-AA2A-E4CB90E0E55D}.Release|Any CPU.Build.0 = Release|Any CPU
		{447136A5-4F5F-4016-BEA4-B3B6BC151BE7}.Debug|Any CPU.ActiveCfg = Debug|Any CPU
		{447136A5-4F5F-4016-BEA4-B3B6BC151BE7}.Debug|Any CPU.Build.0 = Debug|Any CPU
		{447136A5-4F5F-4016-BEA4-B3B6BC151BE7}.Release|Any CPU.ActiveCfg = Release|Any CPU
		{447136A5-4F5F-4016-BEA4-B3B6BC151BE7}.Release|Any CPU.Build.0 = Release|Any CPU
		{DDA3823F-A665-4E3C-BDC7-46522EBB5EAB}.Debug|Any CPU.ActiveCfg = Debug|Any CPU
		{DDA3823F-A665-4E3C-BDC7-46522EBB5EAB}.Debug|Any CPU.Build.0 = Debug|Any CPU
		{DDA3823F-A665-4E3C-BDC7-46522EBB5EAB}.Release|Any CPU.ActiveCfg = Release|Any CPU
		{DDA3823F-A665-4E3C-BDC7-46522EBB5EAB}.Release|Any CPU.Build.0 = Release|Any CPU
		{CB4E956F-C18F-DFFD-E73B-AEF3F9E1854D}.Debug|Any CPU.ActiveCfg = Debug|Any CPU
		{CB4E956F-C18F-DFFD-E73B-AEF3F9E1854D}.Debug|Any CPU.Build.0 = Debug|Any CPU
		{CB4E956F-C18F-DFFD-E73B-AEF3F9E1854D}.Release|Any CPU.ActiveCfg = Release|Any CPU
		{CB4E956F-C18F-DFFD-E73B-AEF3F9E1854D}.Release|Any CPU.Build.0 = Release|Any CPU
		{E838A898-3205-CD9C-4C1C-CE0A309B9059}.Debug|Any CPU.ActiveCfg = Debug|Any CPU
		{E838A898-3205-CD9C-4C1C-CE0A309B9059}.Debug|Any CPU.Build.0 = Debug|Any CPU
		{E838A898-3205-CD9C-4C1C-CE0A309B9059}.Release|Any CPU.ActiveCfg = Release|Any CPU
		{E838A898-3205-CD9C-4C1C-CE0A309B9059}.Release|Any CPU.Build.0 = Release|Any CPU
		{7A3F6DA2-3B9C-8CF6-8214-2A0EDD650B13}.Debug|Any CPU.ActiveCfg = Debug|Any CPU
		{7A3F6DA2-3B9C-8CF6-8214-2A0EDD650B13}.Debug|Any CPU.Build.0 = Debug|Any CPU
		{7A3F6DA2-3B9C-8CF6-8214-2A0EDD650B13}.Release|Any CPU.ActiveCfg = Release|Any CPU
		{7A3F6DA2-3B9C-8CF6-8214-2A0EDD650B13}.Release|Any CPU.Build.0 = Release|Any CPU
		{2CF5F392-D51F-0A3A-DCAA-4983323C0A69}.Debug|Any CPU.ActiveCfg = Debug|Any CPU
		{2CF5F392-D51F-0A3A-DCAA-4983323C0A69}.Debug|Any CPU.Build.0 = Debug|Any CPU
		{2CF5F392-D51F-0A3A-DCAA-4983323C0A69}.Release|Any CPU.ActiveCfg = Release|Any CPU
		{2CF5F392-D51F-0A3A-DCAA-4983323C0A69}.Release|Any CPU.Build.0 = Release|Any CPU
		{4A1024A8-DD37-D189-0CF7-BE050B46FAF9}.Debug|Any CPU.ActiveCfg = Debug|Any CPU
		{4A1024A8-DD37-D189-0CF7-BE050B46FAF9}.Debug|Any CPU.Build.0 = Debug|Any CPU
		{4A1024A8-DD37-D189-0CF7-BE050B46FAF9}.Release|Any CPU.ActiveCfg = Release|Any CPU
		{4A1024A8-DD37-D189-0CF7-BE050B46FAF9}.Release|Any CPU.Build.0 = Release|Any CPU
		{7E7E082F-621A-BE27-71E9-1D458860DC2A}.Debug|Any CPU.ActiveCfg = Debug|Any CPU
		{7E7E082F-621A-BE27-71E9-1D458860DC2A}.Debug|Any CPU.Build.0 = Debug|Any CPU
		{7E7E082F-621A-BE27-71E9-1D458860DC2A}.Release|Any CPU.ActiveCfg = Release|Any CPU
		{7E7E082F-621A-BE27-71E9-1D458860DC2A}.Release|Any CPU.Build.0 = Release|Any CPU
		{5B5EA3B9-054F-CA49-2016-312CC414AFEE}.Debug|Any CPU.ActiveCfg = Debug|Any CPU
		{5B5EA3B9-054F-CA49-2016-312CC414AFEE}.Debug|Any CPU.Build.0 = Debug|Any CPU
		{5B5EA3B9-054F-CA49-2016-312CC414AFEE}.Release|Any CPU.ActiveCfg = Release|Any CPU
		{5B5EA3B9-054F-CA49-2016-312CC414AFEE}.Release|Any CPU.Build.0 = Release|Any CPU
		{14D5046B-F67F-BF14-27A0-D7DB2276FE3E}.Debug|Any CPU.ActiveCfg = Debug|Any CPU
		{14D5046B-F67F-BF14-27A0-D7DB2276FE3E}.Debug|Any CPU.Build.0 = Debug|Any CPU
		{14D5046B-F67F-BF14-27A0-D7DB2276FE3E}.Release|Any CPU.ActiveCfg = Release|Any CPU
		{14D5046B-F67F-BF14-27A0-D7DB2276FE3E}.Release|Any CPU.Build.0 = Release|Any CPU
		{75BF6B06-A97D-A7A1-05DB-E45547091480}.Debug|Any CPU.ActiveCfg = Debug|Any CPU
		{75BF6B06-A97D-A7A1-05DB-E45547091480}.Debug|Any CPU.Build.0 = Debug|Any CPU
		{75BF6B06-A97D-A7A1-05DB-E45547091480}.Release|Any CPU.ActiveCfg = Release|Any CPU
		{75BF6B06-A97D-A7A1-05DB-E45547091480}.Release|Any CPU.Build.0 = Release|Any CPU
		{55707FDA-D383-8160-7CC2-AFC7ACA0BDC0}.Debug|Any CPU.ActiveCfg = Debug|Any CPU
		{55707FDA-D383-8160-7CC2-AFC7ACA0BDC0}.Debug|Any CPU.Build.0 = Debug|Any CPU
		{55707FDA-D383-8160-7CC2-AFC7ACA0BDC0}.Release|Any CPU.ActiveCfg = Release|Any CPU
		{55707FDA-D383-8160-7CC2-AFC7ACA0BDC0}.Release|Any CPU.Build.0 = Release|Any CPU
		{54FB588C-22E7-4BDF-AFFD-A4F7734C3FFF}.Debug|Any CPU.ActiveCfg = Debug|Any CPU
		{54FB588C-22E7-4BDF-AFFD-A4F7734C3FFF}.Debug|Any CPU.Build.0 = Debug|Any CPU
		{54FB588C-22E7-4BDF-AFFD-A4F7734C3FFF}.Release|Any CPU.ActiveCfg = Release|Any CPU
		{54FB588C-22E7-4BDF-AFFD-A4F7734C3FFF}.Release|Any CPU.Build.0 = Release|Any CPU
	EndGlobalSection
	GlobalSection(SolutionProperties) = preSolution
		HideSolutionNode = FALSE
	EndGlobalSection
	GlobalSection(NestedProjects) = preSolution
		{2F6BB3A8-4462-4DC2-B2D2-0CA05419EF5E} = {02EA681E-C7D8-13C7-8484-4AC65E1B71E8}
		{0EE06AAC-59BA-44B9-BAFB-1D9192A4E5D7} = {2F6BB3A8-4462-4DC2-B2D2-0CA05419EF5E}
		{B6B3D6FA-B3BC-42D4-903B-B844AEF1891C} = {2F6BB3A8-4462-4DC2-B2D2-0CA05419EF5E}
		{9A75EB89-C3F2-443C-8EA1-04119B3C46CB} = {2F6BB3A8-4462-4DC2-B2D2-0CA05419EF5E}
		{81DDED9D-158B-E303-5F62-77A2896D2A5A} = {2F6BB3A8-4462-4DC2-B2D2-0CA05419EF5E}
		{53B8C779-BDA3-44F8-BCC1-DE42D148DF3B} = {24DD00F0-0E40-4D9B-B773-3E11342EDC9A}
		{7B8F97B2-3CE1-4538-85A4-56577168627A} = {53B8C779-BDA3-44F8-BCC1-DE42D148DF3B}
		{3917994C-32DB-4E38-8A03-83D4607512FB} = {7B8F97B2-3CE1-4538-85A4-56577168627A}
		{32501D54-B891-4C95-A453-8CC72BB1C055} = {2F6BB3A8-4462-4DC2-B2D2-0CA05419EF5E}
		{37FA1B61-3E63-4297-8E00-87A75D10FFD8} = {32501D54-B891-4C95-A453-8CC72BB1C055}
		{7F912975-1CDF-4112-B7F5-6ED20D4B6692} = {2F6BB3A8-4462-4DC2-B2D2-0CA05419EF5E}
		{B9F46827-C0F7-40F1-B537-A655E2F9D4DC} = {2F6BB3A8-4462-4DC2-B2D2-0CA05419EF5E}
		{BD701F60-E1E5-4823-801D-F51DA737213C} = {7F912975-1CDF-4112-B7F5-6ED20D4B6692}
		{6EE5843E-452E-4788-BD15-2E2FD8C0E19E} = {B9F46827-C0F7-40F1-B537-A655E2F9D4DC}
		{D604CFE5-AE93-4DBA-BBE8-91731B72D64F} = {2F6BB3A8-4462-4DC2-B2D2-0CA05419EF5E}
		{9702D937-6A77-406D-878D-379402016F6E} = {6403A928-7745-425F-A2E8-52731AD90E99}
		{0B2395EB-E139-4600-B89E-48AB70BB64FE} = {19397B6F-0424-4C3E-AC76-F5EC172D59F2}
		{560EC43F-9033-456D-A882-88FFCDE116BF} = {0B2395EB-E139-4600-B89E-48AB70BB64FE}
		{E74380E3-EDAD-438B-9F5C-9C8C6A814E17} = {000DDF08-D2B0-4FC3-82B3-4A7BC4ED3D44}
		{5CD64C51-1714-47A5-B3B9-24332558FEAE} = {E74380E3-EDAD-438B-9F5C-9C8C6A814E17}
		{53EE9316-6AF8-413F-8483-CA61A047313C} = {E74380E3-EDAD-438B-9F5C-9C8C6A814E17}
		{548FA016-30FD-468E-A85A-C5EABB7568AC} = {E74380E3-EDAD-438B-9F5C-9C8C6A814E17}
		{FB9D8C61-6CEB-4C73-9A75-8B47534BD06B} = {E74380E3-EDAD-438B-9F5C-9C8C6A814E17}
		{9A38A688-CAB2-475C-913A-91FF52761D08} = {E74380E3-EDAD-438B-9F5C-9C8C6A814E17}
		{F33A9941-6311-4B25-89E3-BFB98C562399} = {E74380E3-EDAD-438B-9F5C-9C8C6A814E17}
		{35237B91-FA01-444A-9F66-257CBA3DF3C3} = {E74380E3-EDAD-438B-9F5C-9C8C6A814E17}
		{6DBF69C7-4C8B-43B2-9405-CC7C7DC9D35A} = {53B8C779-BDA3-44F8-BCC1-DE42D148DF3B}
		{BEA61777-88FE-4C6D-86AC-D183210D8B06} = {6DBF69C7-4C8B-43B2-9405-CC7C7DC9D35A}
		{B30111D1-9CBF-4464-8A5F-FC36E798D52D} = {6DBF69C7-4C8B-43B2-9405-CC7C7DC9D35A}
		{3113B96E-9BC0-4F08-B99C-FE76AF2BB4D6} = {6DBF69C7-4C8B-43B2-9405-CC7C7DC9D35A}
		{3CF22462-AC31-4474-B4FF-836A3982C741} = {02EA681E-C7D8-13C7-8484-4AC65E1B71E8}
		{FB6A8A9C-C1B4-45D5-8766-21F248DA56B7} = {3CF22462-AC31-4474-B4FF-836A3982C741}
		{50DDB9D7-ED26-4BDF-BA8D-C5A16F5A7499} = {3CF22462-AC31-4474-B4FF-836A3982C741}
		{9EBE3C8D-AD2D-4DE9-884D-DB4873D3421D} = {3CF22462-AC31-4474-B4FF-836A3982C741}
		{B690BE73-66F6-4320-8227-482AD5919108} = {3CF22462-AC31-4474-B4FF-836A3982C741}
		{0B3A6155-9130-487C-BCD2-5BDF9D819239} = {B690BE73-66F6-4320-8227-482AD5919108}
		{07BB4379-7F26-484B-9C05-4D9AC61001E9} = {FB6A8A9C-C1B4-45D5-8766-21F248DA56B7}
		{68D40973-1EA0-4BD5-892A-7AD5BE1E7CF6} = {B690BE73-66F6-4320-8227-482AD5919108}
		{75E487DD-21B5-4D7C-9C8F-93DE643F4F16} = {B690BE73-66F6-4320-8227-482AD5919108}
		{B29E5845-FB15-4ADE-B34A-3CB62F6061D7} = {24DD00F0-0E40-4D9B-B773-3E11342EDC9A}
		{143474DD-B627-473B-A42B-0BF48ABC4571} = {B29E5845-FB15-4ADE-B34A-3CB62F6061D7}
		{A13B7296-756E-43CB-84FA-75FC7B8A2430} = {B29E5845-FB15-4ADE-B34A-3CB62F6061D7}
		{7B60C723-4003-4B6B-AA2A-E4CB90E0E55D} = {B690BE73-66F6-4320-8227-482AD5919108}
		{8017D4B9-A10F-4528-BBFA-818E29E0DC51} = {19397B6F-0424-4C3E-AC76-F5EC172D59F2}
		{447136A5-4F5F-4016-BEA4-B3B6BC151BE7} = {8017D4B9-A10F-4528-BBFA-818E29E0DC51}
		{DDA3823F-A665-4E3C-BDC7-46522EBB5EAB} = {2FC31648-06FF-4872-90DB-4C279915D6EB}
		{CB4E956F-C18F-DFFD-E73B-AEF3F9E1854D} = {0EE06AAC-59BA-44B9-BAFB-1D9192A4E5D7}
		{E838A898-3205-CD9C-4C1C-CE0A309B9059} = {0EE06AAC-59BA-44B9-BAFB-1D9192A4E5D7}
		{7A3F6DA2-3B9C-8CF6-8214-2A0EDD650B13} = {0EE06AAC-59BA-44B9-BAFB-1D9192A4E5D7}
		{2CF5F392-D51F-0A3A-DCAA-4983323C0A69} = {9A75EB89-C3F2-443C-8EA1-04119B3C46CB}
		{4A1024A8-DD37-D189-0CF7-BE050B46FAF9} = {9A75EB89-C3F2-443C-8EA1-04119B3C46CB}
		{7E7E082F-621A-BE27-71E9-1D458860DC2A} = {9A75EB89-C3F2-443C-8EA1-04119B3C46CB}
		{5B5EA3B9-054F-CA49-2016-312CC414AFEE} = {9A75EB89-C3F2-443C-8EA1-04119B3C46CB}
		{14D5046B-F67F-BF14-27A0-D7DB2276FE3E} = {B6B3D6FA-B3BC-42D4-903B-B844AEF1891C}
		{75BF6B06-A97D-A7A1-05DB-E45547091480} = {B6B3D6FA-B3BC-42D4-903B-B844AEF1891C}
		{55707FDA-D383-8160-7CC2-AFC7ACA0BDC0} = {B6B3D6FA-B3BC-42D4-903B-B844AEF1891C}
		{54FB588C-22E7-4BDF-AFFD-A4F7734C3FFF} = {2FC31648-06FF-4872-90DB-4C279915D6EB}
	EndGlobalSection
	GlobalSection(ExtensibilityGlobals) = postSolution
		SolutionGuid = {1DC55F9E-2862-47D4-99EB-3D9A75C58EC7}
	EndGlobalSection
EndGlobal
